// !$*UTF8*$!
{
	archiveVersion = 1;
	classes = {
	};
	objectVersion = 46;
	objects = {

/* Begin PBXBuildFile section */
		6985E4B3EAD18E7B9DEE70B6 /* Cocoa.framework in Frameworks */ = {isa = PBXBuildFile; fileRef = 2E014A3ED30B565CF236FDA5 /* Cocoa.framework */; };
		6EB589D6FC08F34DFDAFCEDD /* main.swift in Sources */ = {isa = PBXBuildFile; fileRef = 0E2F67E481940D76DB47F651 /* main.swift */; };
		796A51C083041911B185575E /* KoruPlatform in Frameworks */ = {isa = PBXBuildFile; productRef = 1C94AE2E930D0DA9C154391E /* KoruPlatform */; };
		7A58AF1B815E916DEE39B29D /* Cocoa.framework in Frameworks */ = {isa = PBXBuildFile; fileRef = 2E014A3ED30B565CF236FDA5 /* Cocoa.framework */; };
		9348C37212196CF4158D5ED9 /* main.swift in Sources */ = {isa = PBXBuildFile; fileRef = 362150353300AD817D67F849 /* main.swift */; };
		976510962671A0E9AFBADCF6 /* AppIcon.icns in Resources */ = {isa = PBXBuildFile; fileRef = 30207374E086F613906302B7 /* AppIcon.icns */; };
		9855419D9A9CAD9F36A47AC9 /* KoruDomain in Frameworks */ = {isa = PBXBuildFile; productRef = 80CC356CC7C8AD65695F9712 /* KoruDomain */; };
		9E5439CCED12988EAA78694C /* KoruUI in Frameworks */ = {isa = PBXBuildFile; productRef = F301957862113C1CB913EFF1 /* KoruUI */; };
		E707EED5D00AC9E3928A014F /* KoruPlatform in Frameworks */ = {isa = PBXBuildFile; productRef = FDB374AA54343E37A2AEE6D6 /* KoruPlatform */; };
		F64A28372AAC520317A35BBF /* KoruDomain in Frameworks */ = {isa = PBXBuildFile; productRef = 0EA9336BD18BDF2E4BE68AC7 /* KoruDomain */; };
		FC181E3BB0A2C9995C3A523D /* KoruUI in Frameworks */ = {isa = PBXBuildFile; productRef = A6134CAFA32353924B7CD9C9 /* KoruUI */; };
/* End PBXBuildFile section */

/* Begin PBXFileReference section */
		0E2F67E481940D76DB47F651 /* main.swift */ = {isa = PBXFileReference; includeInIndex = 1; lastKnownFileType = sourcecode.swift; name = main.swift; path = Harness/main.swift; sourceTree = "<group>"; };
		2BEB52F10535FB3C73A4F06C /* Koru.app */ = {isa = PBXFileReference; explicitFileType = wrapper.application; includeInIndex = 0; path = Koru.app; sourceTree = BUILT_PRODUCTS_DIR; };
		2E014A3ED30B565CF236FDA5 /* Cocoa.framework */ = {isa = PBXFileReference; lastKnownFileType = wrapper.framework; name = Cocoa.framework; path = Platforms/MacOSX.platform/Developer/SDKs/MacOSX15.0.sdk/System/Library/Frameworks/Cocoa.framework; sourceTree = DEVELOPER_DIR; };
		30207374E086F613906302B7 /* AppIcon.icns */ = {isa = PBXFileReference; includeInIndex = 1; name = AppIcon.icns; path = App/Resources/AppIcon.icns; sourceTree = "<group>"; };
		362150353300AD817D67F849 /* main.swift */ = {isa = PBXFileReference; includeInIndex = 1; lastKnownFileType = sourcecode.swift; name = main.swift; path = App/main.swift; sourceTree = "<group>"; };
		715C2CFB3BF55B2C9A3992B7 /* KoruIntegrationHarness.app */ = {isa = PBXFileReference; explicitFileType = wrapper.application; includeInIndex = 0; path = KoruIntegrationHarness.app; sourceTree = BUILT_PRODUCTS_DIR; };
/* End PBXFileReference section */

/* Begin PBXFrameworksBuildPhase section */
		000075A63D6676FD96E8A9F0 /* Frameworks */ = {
			isa = PBXFrameworksBuildPhase;
			buildActionMask = 2147483647;
			files = (
				6985E4B3EAD18E7B9DEE70B6 /* Cocoa.framework in Frameworks */,
				9855419D9A9CAD9F36A47AC9 /* KoruDomain in Frameworks */,
				E707EED5D00AC9E3928A014F /* KoruPlatform in Frameworks */,
				9E5439CCED12988EAA78694C /* KoruUI in Frameworks */,
			);
			runOnlyForDeploymentPostprocessing = 0;
		};
		8F91340620F6DF66490EEC39 /* Frameworks */ = {
			isa = PBXFrameworksBuildPhase;
			buildActionMask = 2147483647;
			files = (
				7A58AF1B815E916DEE39B29D /* Cocoa.framework in Frameworks */,
				F64A28372AAC520317A35BBF /* KoruDomain in Frameworks */,
				796A51C083041911B185575E /* KoruPlatform in Frameworks */,
				FC181E3BB0A2C9995C3A523D /* KoruUI in Frameworks */,
			);
			runOnlyForDeploymentPostprocessing = 0;
		};
/* End PBXFrameworksBuildPhase section */

/* Begin PBXGroup section */
		01F583EE6C270D89C1966D64 = {
			isa = PBXGroup;
			children = (
				CB5D9367BD707707B23D3E94 /* Products */,
				800AB9EA840460CE42FFEF13 /* Frameworks */,
				37D4CDDBF20B892DEBBF995D /* Koru */,
				63BF0252B401DFF52FB8C17D /* KoruIntegrationHarness */,
			);
			sourceTree = "<group>";
		};
		37D4CDDBF20B892DEBBF995D /* Koru */ = {
			isa = PBXGroup;
			children = (
				362150353300AD817D67F849 /* main.swift */,
				30207374E086F613906302B7 /* AppIcon.icns */,
			);
			name = Koru;
			sourceTree = "<group>";
		};
		63BF0252B401DFF52FB8C17D /* KoruIntegrationHarness */ = {
			isa = PBXGroup;
			children = (
				0E2F67E481940D76DB47F651 /* main.swift */,
			);
			name = KoruIntegrationHarness;
			sourceTree = "<group>";
		};
		800AB9EA840460CE42FFEF13 /* Frameworks */ = {
			isa = PBXGroup;
			children = (
				C92D0B80FD464F8E75EDA094 /* OS X */,
			);
			name = Frameworks;
			sourceTree = "<group>";
		};
		C92D0B80FD464F8E75EDA094 /* OS X */ = {
			isa = PBXGroup;
			children = (
				2E014A3ED30B565CF236FDA5 /* Cocoa.framework */,
			);
			name = "OS X";
			sourceTree = "<group>";
		};
		CB5D9367BD707707B23D3E94 /* Products */ = {
			isa = PBXGroup;
			children = (
				2BEB52F10535FB3C73A4F06C /* Koru.app */,
				715C2CFB3BF55B2C9A3992B7 /* KoruIntegrationHarness.app */,
			);
			name = Products;
			sourceTree = "<group>";
		};
/* End PBXGroup section */

/* Begin PBXNativeTarget section */
		854CE7C71A5DE3A27267F367 /* KoruIntegrationHarness */ = {
			isa = PBXNativeTarget;
			buildConfigurationList = 0559584E3504A92375B70183 /* Build configuration list for PBXNativeTarget "KoruIntegrationHarness" */;
			buildPhases = (
				892627894D7E8BC8187D4B0D /* Sources */,
				8F91340620F6DF66490EEC39 /* Frameworks */,
				98C01B2F1CE00E7458D426F8 /* Resources */,
			);
			buildRules = (
			);
			dependencies = (
			);
			name = KoruIntegrationHarness;
			packageProductDependencies = (
				0EA9336BD18BDF2E4BE68AC7 /* KoruDomain */,
				1C94AE2E930D0DA9C154391E /* KoruPlatform */,
				A6134CAFA32353924B7CD9C9 /* KoruUI */,
			);
			productName = KoruIntegrationHarness;
			productReference = 715C2CFB3BF55B2C9A3992B7 /* KoruIntegrationHarness.app */;
			productType = "com.apple.product-type.application";
		};
		B69C0705D62E14FD36D2533D /* Koru */ = {
			isa = PBXNativeTarget;
			buildConfigurationList = C6E7B9D2C854D49D366DB92E /* Build configuration list for PBXNativeTarget "Koru" */;
			buildPhases = (
				2DE169EF134BF12E39E1C9A2 /* Sources */,
				000075A63D6676FD96E8A9F0 /* Frameworks */,
				42261A54E8B2A6592C5912DB /* Resources */,
			);
			buildRules = (
			);
			dependencies = (
			);
			name = Koru;
			packageProductDependencies = (
				80CC356CC7C8AD65695F9712 /* KoruDomain */,
				FDB374AA54343E37A2AEE6D6 /* KoruPlatform */,
				F301957862113C1CB913EFF1 /* KoruUI */,
			);
			productName = Koru;
			productReference = 2BEB52F10535FB3C73A4F06C /* Koru.app */;
			productType = "com.apple.product-type.application";
		};
/* End PBXNativeTarget section */

/* Begin PBXProject section */
		3B9BB91B170FEBF15074FA74 /* Project object */ = {
			isa = PBXProject;
			attributes = {
				BuildIndependentTargetsInParallel = YES;
				LastSwiftUpdateCheck = 2660;
				LastUpgradeCheck = 2660;
			};
			buildConfigurationList = FEE24431DD09F8EBC07F5B09 /* Build configuration list for PBXProject "Koru" */;
			compatibilityVersion = "Xcode 3.2";
			developmentRegion = en;
			hasScannedForEncodings = 0;
			knownRegions = (
				en,
				Base,
			);
			mainGroup = 01F583EE6C270D89C1966D64;
			minimizedProjectReferenceProxies = 0;
			packageReferences = (
				534C488BC732C867473EC243 /* XCLocalSwiftPackageReference "." */,
			);
			preferredProjectObjectVersion = 77;
			productRefGroup = CB5D9367BD707707B23D3E94 /* Products */;
			projectDirPath = "";
			projectRoot = "";
			targets = (
				B69C0705D62E14FD36D2533D /* Koru */,
				854CE7C71A5DE3A27267F367 /* KoruIntegrationHarness */,
			);
		};
/* End PBXProject section */

/* Begin PBXResourcesBuildPhase section */
		42261A54E8B2A6592C5912DB /* Resources */ = {
			isa = PBXResourcesBuildPhase;
			buildActionMask = 2147483647;
			files = (
				976510962671A0E9AFBADCF6 /* AppIcon.icns in Resources */,
			);
			runOnlyForDeploymentPostprocessing = 0;
		};
		98C01B2F1CE00E7458D426F8 /* Resources */ = {
			isa = PBXResourcesBuildPhase;
			buildActionMask = 2147483647;
			files = (
			);
			runOnlyForDeploymentPostprocessing = 0;
		};
/* End PBXResourcesBuildPhase section */

/* Begin PBXSourcesBuildPhase section */
		2DE169EF134BF12E39E1C9A2 /* Sources */ = {
			isa = PBXSourcesBuildPhase;
			buildActionMask = 2147483647;
			files = (
				9348C37212196CF4158D5ED9 /* main.swift in Sources */,
			);
			runOnlyForDeploymentPostprocessing = 0;
		};
		892627894D7E8BC8187D4B0D /* Sources */ = {
			isa = PBXSourcesBuildPhase;
			buildActionMask = 2147483647;
			files = (
				6EB589D6FC08F34DFDAFCEDD /* main.swift in Sources */,
			);
			runOnlyForDeploymentPostprocessing = 0;
		};
/* End PBXSourcesBuildPhase section */

/* Begin XCBuildConfiguration section */
		25497F5523792216F784E884 /* Release */ = {
			isa = XCBuildConfiguration;
			buildSettings = {
				ARCHS = (
					arm64,
					x86_64,
				);
				ASSETCATALOG_COMPILER_APPICON_NAME = AppIcon;
				ASSETCATALOG_COMPILER_GLOBAL_ACCENT_COLOR_NAME = AccentColor;
				CODE_SIGNING_ALLOWED = NO;
				COMBINE_HIDPI_IMAGES = YES;
				INFOPLIST_FILE = "Config/Koru-Info.plist";
				LD_RUNPATH_SEARCH_PATHS = "$(inherited) @executable_path/../Frameworks";
				MACOSX_DEPLOYMENT_TARGET = 13.0;
				ONLY_ACTIVE_ARCH = NO;
				PRODUCT_BUNDLE_IDENTIFIER = dev.builderking.koru;
				SDKROOT = macosx;
				SWIFT_STRICT_CONCURRENCY = complete;
				SWIFT_VERSION = 6.0;
			};
			name = Release;
		};
		44FB09B7A129A416891998F9 /* Release */ = {
			isa = XCBuildConfiguration;
			buildSettings = {
				ALWAYS_SEARCH_USER_PATHS = NO;
				CLANG_ANALYZER_NONNULL = YES;
				CLANG_ANALYZER_NUMBER_OBJECT_CONVERSION = YES_AGGRESSIVE;
				CLANG_CXX_LANGUAGE_STANDARD = "gnu++14";
				CLANG_CXX_LIBRARY = "libc++";
				CLANG_ENABLE_MODULES = YES;
				CLANG_ENABLE_OBJC_ARC = YES;
				CLANG_ENABLE_OBJC_WEAK = YES;
				CLANG_WARN_BLOCK_CAPTURE_AUTORELEASING = YES;
				CLANG_WARN_BOOL_CONVERSION = YES;
				CLANG_WARN_COMMA = YES;
				CLANG_WARN_CONSTANT_CONVERSION = YES;
				CLANG_WARN_DEPRECATED_OBJC_IMPLEMENTATIONS = YES;
				CLANG_WARN_DIRECT_OBJC_ISA_USAGE = YES_ERROR;
				CLANG_WARN_DOCUMENTATION_COMMENTS = YES;
				CLANG_WARN_EMPTY_BODY = YES;
				CLANG_WARN_ENUM_CONVERSION = YES;
				CLANG_WARN_INFINITE_RECURSION = YES;
				CLANG_WARN_INT_CONVERSION = YES;
				CLANG_WARN_NON_LITERAL_NULL_CONVERSION = YES;
				CLANG_WARN_OBJC_IMPLICIT_RETAIN_SELF = YES;
				CLANG_WARN_OBJC_LITERAL_CONVERSION = YES;
				CLANG_WARN_OBJC_ROOT_CLASS = YES_ERROR;
				CLANG_WARN_QUOTED_INCLUDE_IN_FRAMEWORK_HEADER = YES;
				CLANG_WARN_RANGE_LOOP_ANALYSIS = YES;
				CLANG_WARN_STRICT_PROTOTYPES = YES;
				CLANG_WARN_SUSPICIOUS_MOVE = YES;
				CLANG_WARN_UNGUARDED_AVAILABILITY = YES_AGGRESSIVE;
				CLANG_WARN_UNREACHABLE_CODE = YES;
				CLANG_WARN__DUPLICATE_METHOD_MATCH = YES;
				COPY_PHASE_STRIP = NO;
				DEBUG_INFORMATION_FORMAT = "dwarf-with-dsym";
				ENABLE_NS_ASSERTIONS = NO;
				ENABLE_STRICT_OBJC_MSGSEND = YES;
				GCC_C_LANGUAGE_STANDARD = gnu11;
				GCC_NO_COMMON_BLOCKS = YES;
				GCC_WARN_64_TO_32_BIT_CONVERSION = YES;
				GCC_WARN_ABOUT_RETURN_TYPE = YES_ERROR;
				GCC_WARN_UNDECLARED_SELECTOR = YES;
				GCC_WARN_UNINITIALIZED_AUTOS = YES_AGGRESSIVE;
				GCC_WARN_UNUSED_FUNCTION = YES;
				GCC_WARN_UNUSED_VARIABLE = YES;
				MTL_ENABLE_DEBUG_INFO = NO;
				MTL_FAST_MATH = YES;
				PRODUCT_NAME = "$(TARGET_NAME)";
				SWIFT_COMPILATION_MODE = wholemodule;
				SWIFT_OPTIMIZATION_LEVEL = "-O";
				SWIFT_VERSION = 5.0;
			};
			name = Release;
		};
		544D9C4E13ED1B21DA42BFAA /* Release */ = {
			isa = XCBuildConfiguration;
			buildSettings = {
				ARCHS = (
					arm64,
					x86_64,
				);
				ASSETCATALOG_COMPILER_APPICON_NAME = AppIcon;
				ASSETCATALOG_COMPILER_GLOBAL_ACCENT_COLOR_NAME = AccentColor;
				CODE_SIGNING_ALLOWED = NO;
				COMBINE_HIDPI_IMAGES = YES;
				INFOPLIST_FILE = "Config/Harness-Info.plist";
				LD_RUNPATH_SEARCH_PATHS = "$(inherited) @executable_path/../Frameworks";
				MACOSX_DEPLOYMENT_TARGET = 13.0;
				ONLY_ACTIVE_ARCH = NO;
				PRODUCT_BUNDLE_IDENTIFIER = dev.builderking.koru.harness;
				SDKROOT = macosx;
				SWIFT_STRICT_CONCURRENCY = complete;
				SWIFT_VERSION = 6.0;
			};
			name = Release;
		};
		60E83D81CEA148C62E082CEB /* Debug */ = {
			isa = XCBuildConfiguration;
			buildSettings = {
				ALWAYS_SEARCH_USER_PATHS = NO;
				CLANG_ANALYZER_NONNULL = YES;
				CLANG_ANALYZER_NUMBER_OBJECT_CONVERSION = YES_AGGRESSIVE;
				CLANG_CXX_LANGUAGE_STANDARD = "gnu++14";
				CLANG_CXX_LIBRARY = "libc++";
				CLANG_ENABLE_MODULES = YES;
				CLANG_ENABLE_OBJC_ARC = YES;
				CLANG_ENABLE_OBJC_WEAK = YES;
				CLANG_WARN_BLOCK_CAPTURE_AUTORELEASING = YES;
				CLANG_WARN_BOOL_CONVERSION = YES;
				CLANG_WARN_COMMA = YES;
				CLANG_WARN_CONSTANT_CONVERSION = YES;
				CLANG_WARN_DEPRECATED_OBJC_IMPLEMENTATIONS = YES;
				CLANG_WARN_DIRECT_OBJC_ISA_USAGE = YES_ERROR;
				CLANG_WARN_DOCUMENTATION_COMMENTS = YES;
				CLANG_WARN_EMPTY_BODY = YES;
				CLANG_WARN_ENUM_CONVERSION = YES;
				CLANG_WARN_INFINITE_RECURSION = YES;
				CLANG_WARN_INT_CONVERSION = YES;
				CLANG_WARN_NON_LITERAL_NULL_CONVERSION = YES;
				CLANG_WARN_OBJC_IMPLICIT_RETAIN_SELF = YES;
				CLANG_WARN_OBJC_LITERAL_CONVERSION = YES;
				CLANG_WARN_OBJC_ROOT_CLASS = YES_ERROR;
				CLANG_WARN_QUOTED_INCLUDE_IN_FRAMEWORK_HEADER = YES;
				CLANG_WARN_RANGE_LOOP_ANALYSIS = YES;
				CLANG_WARN_STRICT_PROTOTYPES = YES;
				CLANG_WARN_SUSPICIOUS_MOVE = YES;
				CLANG_WARN_UNGUARDED_AVAILABILITY = YES_AGGRESSIVE;
				CLANG_WARN_UNREACHABLE_CODE = YES;
				CLANG_WARN__DUPLICATE_METHOD_MATCH = YES;
				COPY_PHASE_STRIP = NO;
				DEBUG_INFORMATION_FORMAT = dwarf;
				ENABLE_STRICT_OBJC_MSGSEND = YES;
				ENABLE_TESTABILITY = YES;
				GCC_C_LANGUAGE_STANDARD = gnu11;
				GCC_DYNAMIC_NO_PIC = NO;
				GCC_NO_COMMON_BLOCKS = YES;
				GCC_OPTIMIZATION_LEVEL = 0;
				GCC_PREPROCESSOR_DEFINITIONS = (
					"DEBUG=1",
					"$(inherited)",
				);
				GCC_WARN_64_TO_32_BIT_CONVERSION = YES;
				GCC_WARN_ABOUT_RETURN_TYPE = YES_ERROR;
				GCC_WARN_UNDECLARED_SELECTOR = YES;
				GCC_WARN_UNINITIALIZED_AUTOS = YES_AGGRESSIVE;
				GCC_WARN_UNUSED_FUNCTION = YES;
				GCC_WARN_UNUSED_VARIABLE = YES;
				MTL_ENABLE_DEBUG_INFO = INCLUDE_SOURCE;
				MTL_FAST_MATH = YES;
				ONLY_ACTIVE_ARCH = YES;
				PRODUCT_NAME = "$(TARGET_NAME)";
				SWIFT_ACTIVE_COMPILATION_CONDITIONS = DEBUG;
				SWIFT_OPTIMIZATION_LEVEL = "-Onone";
				SWIFT_VERSION = 5.0;
			};
			name = Debug;
		};
		972FE44A757608456A1CFD6F /* Debug */ = {
			isa = XCBuildConfiguration;
			buildSettings = {
				ARCHS = (
					arm64,
					x86_64,
				);
				ASSETCATALOG_COMPILER_APPICON_NAME = AppIcon;
				ASSETCATALOG_COMPILER_GLOBAL_ACCENT_COLOR_NAME = AccentColor;
				CODE_SIGNING_ALLOWED = NO;
				COMBINE_HIDPI_IMAGES = YES;
				INFOPLIST_FILE = "Config/Harness-Info.plist";
				LD_RUNPATH_SEARCH_PATHS = "$(inherited) @executable_path/../Frameworks";
				MACOSX_DEPLOYMENT_TARGET = 13.0;
				ONLY_ACTIVE_ARCH = NO;
				PRODUCT_BUNDLE_IDENTIFIER = dev.builderking.koru.harness;
				SDKROOT = macosx;
				SWIFT_STRICT_CONCURRENCY = complete;
				SWIFT_VERSION = 6.0;
			};
			name = Debug;
		};
		E8525852909C9712E58C9437 /* Debug */ = {
			isa = XCBuildConfiguration;
			buildSettings = {
				ARCHS = (
					arm64,
					x86_64,
				);
				ASSETCATALOG_COMPILER_APPICON_NAME = AppIcon;
				ASSETCATALOG_COMPILER_GLOBAL_ACCENT_COLOR_NAME = AccentColor;
				CODE_SIGNING_ALLOWED = NO;
				COMBINE_HIDPI_IMAGES = YES;
				INFOPLIST_FILE = "Config/Koru-Info.plist";
				LD_RUNPATH_SEARCH_PATHS = "$(inherited) @executable_path/../Frameworks";
				MACOSX_DEPLOYMENT_TARGET = 13.0;
				ONLY_ACTIVE_ARCH = NO;
				PRODUCT_BUNDLE_IDENTIFIER = dev.builderking.koru;
				SDKROOT = macosx;
				SWIFT_STRICT_CONCURRENCY = complete;
				SWIFT_VERSION = 6.0;
			};
			name = Debug;
		};
/* End XCBuildConfiguration section */

/* Begin XCConfigurationList section */
		0559584E3504A92375B70183 /* Build configuration list for PBXNativeTarget "KoruIntegrationHarness" */ = {
			isa = XCConfigurationList;
			buildConfigurations = (
				544D9C4E13ED1B21DA42BFAA /* Release */,
				972FE44A757608456A1CFD6F /* Debug */,
			);
			defaultConfigurationIsVisible = 0;
			defaultConfigurationName = Release;
		};
		C6E7B9D2C854D49D366DB92E /* Build configuration list for PBXNativeTarget "Koru" */ = {
			isa = XCConfigurationList;
			buildConfigurations = (
				25497F5523792216F784E884 /* Release */,
				E8525852909C9712E58C9437 /* Debug */,
			);
			defaultConfigurationIsVisible = 0;
			defaultConfigurationName = Release;
		};
		FEE24431DD09F8EBC07F5B09 /* Build configuration list for PBXProject "Koru" */ = {
			isa = XCConfigurationList;
			buildConfigurations = (
				60E83D81CEA148C62E082CEB /* Debug */,
				44FB09B7A129A416891998F9 /* Release */,
			);
			defaultConfigurationIsVisible = 0;
			defaultConfigurationName = Release;
		};
/* End XCConfigurationList section */

/* Begin XCLocalSwiftPackageReference section */
		534C488BC732C867473EC243 /* XCLocalSwiftPackageReference "." */ = {
			isa = XCLocalSwiftPackageReference;
			relativePath = .;
		};
/* End XCLocalSwiftPackageReference section */

/* Begin XCSwiftPackageProductDependency section */
		0EA9336BD18BDF2E4BE68AC7 /* KoruDomain */ = {
			isa = XCSwiftPackageProductDependency;
			package = 534C488BC732C867473EC243 /* XCLocalSwiftPackageReference "." */;
			productName = KoruDomain;
		};
		1C94AE2E930D0DA9C154391E /* KoruPlatform */ = {
			isa = XCSwiftPackageProductDependency;
			package = 534C488BC732C867473EC243 /* XCLocalSwiftPackageReference "." */;
			productName = KoruPlatform;
		};
		80CC356CC7C8AD65695F9712 /* KoruDomain */ = {
			isa = XCSwiftPackageProductDependency;
			package = 534C488BC732C867473EC243 /* XCLocalSwiftPackageReference "." */;
			productName = KoruDomain;
		};
		A6134CAFA32353924B7CD9C9 /* KoruUI */ = {
			isa = XCSwiftPackageProductDependency;
			package = 534C488BC732C867473EC243 /* XCLocalSwiftPackageReference "." */;
			productName = KoruUI;
		};
		F301957862113C1CB913EFF1 /* KoruUI */ = {
			isa = XCSwiftPackageProductDependency;
			package = 534C488BC732C867473EC243 /* XCLocalSwiftPackageReference "." */;
			productName = KoruUI;
		};
		FDB374AA54343E37A2AEE6D6 /* KoruPlatform */ = {
			isa = XCSwiftPackageProductDependency;
			package = 534C488BC732C867473EC243 /* XCLocalSwiftPackageReference "." */;
			productName = KoruPlatform;
		};
/* End XCSwiftPackageProductDependency section */
	};
	rootObject = 3B9BB91B170FEBF15074FA74 /* Project object */;
}
