// !$*UTF8*$!
{
	archiveVersion = 1;
	classes = {
	};
	objectVersion = 46;
	objects = {

/* Begin PBXBuildFile section */
		06C38D87E135E1A65402B3E9 /* Cocoa.framework in Frameworks */ = {isa = PBXBuildFile; fileRef = 492DF9B80C7A280F5EA2A7D1 /* Cocoa.framework */; };
		10AD5FA8EEC79841627F6633 /* KoruPlatform in Frameworks */ = {isa = PBXBuildFile; productRef = EC92EB6E0B85D280DA020CF5 /* KoruPlatform */; };
		1498E6C80173B291CBFA4A4B /* KoruUI in Frameworks */ = {isa = PBXBuildFile; productRef = 4C3CFBCE34BA2B5A0749FFB0 /* KoruUI */; };
		7789B22AD1C1079DACFF5CE0 /* KoruDomain in Frameworks */ = {isa = PBXBuildFile; productRef = 45C936D56B7182A0FE560FE4 /* KoruDomain */; };
		97096350246A99E8FC326A20 /* main.swift in Sources */ = {isa = PBXBuildFile; fileRef = 3FD22FC74EF1458E7CA76076 /* main.swift */; };
		9861949F94F80DB66CFC6E52 /* KoruUI in Frameworks */ = {isa = PBXBuildFile; productRef = 79E2AF6E8E745AC8AA376578 /* KoruUI */; };
		A188572C5C34F5EF8328C59A /* KoruPlatform in Frameworks */ = {isa = PBXBuildFile; productRef = 37BDFB89A3AF6FDD85420904 /* KoruPlatform */; };
		C994FE5E3C0692D5B9940F00 /* KoruDomain in Frameworks */ = {isa = PBXBuildFile; productRef = 79E28CFA9CC682F65D9FA0A9 /* KoruDomain */; };
		D70C3CBE2B48D3B94031BB7E /* main.swift in Sources */ = {isa = PBXBuildFile; fileRef = DFEAC346734103ACC9C3717A /* main.swift */; };
		F4992011E0D3F534ED2BB4E3 /* Cocoa.framework in Frameworks */ = {isa = PBXBuildFile; fileRef = 492DF9B80C7A280F5EA2A7D1 /* Cocoa.framework */; };
/* End PBXBuildFile section */

/* Begin PBXFileReference section */
		3FD22FC74EF1458E7CA76076 /* main.swift */ = {isa = PBXFileReference; includeInIndex = 1; lastKnownFileType = sourcecode.swift; name = main.swift; path = App/main.swift; sourceTree = "<group>"; };
		492DF9B80C7A280F5EA2A7D1 /* Cocoa.framework */ = {isa = PBXFileReference; lastKnownFileType = wrapper.framework; name = Cocoa.framework; path = Platforms/MacOSX.platform/Developer/SDKs/MacOSX15.0.sdk/System/Library/Frameworks/Cocoa.framework; sourceTree = DEVELOPER_DIR; };
		8CAE2120F2FD4E3E2AD530C2 /* KoruIntegrationHarness.app */ = {isa = PBXFileReference; explicitFileType = wrapper.application; includeInIndex = 0; path = KoruIntegrationHarness.app; sourceTree = BUILT_PRODUCTS_DIR; };
		B7265E6FA100A5400AD15854 /* Koru.app */ = {isa = PBXFileReference; explicitFileType = wrapper.application; includeInIndex = 0; path = Koru.app; sourceTree = BUILT_PRODUCTS_DIR; };
		DFEAC346734103ACC9C3717A /* main.swift */ = {isa = PBXFileReference; includeInIndex = 1; lastKnownFileType = sourcecode.swift; name = main.swift; path = Harness/main.swift; sourceTree = "<group>"; };
/* End PBXFileReference section */

/* Begin PBXFrameworksBuildPhase section */
		0B040DDD6815733759A2F1DC /* Frameworks */ = {
			isa = PBXFrameworksBuildPhase;
			buildActionMask = 2147483647;
			files = (
				06C38D87E135E1A65402B3E9 /* Cocoa.framework in Frameworks */,
				C994FE5E3C0692D5B9940F00 /* KoruDomain in Frameworks */,
				A188572C5C34F5EF8328C59A /* KoruPlatform in Frameworks */,
				9861949F94F80DB66CFC6E52 /* KoruUI in Frameworks */,
			);
			runOnlyForDeploymentPostprocessing = 0;
		};
		62B989C31E30E39C86541273 /* Frameworks */ = {
			isa = PBXFrameworksBuildPhase;
			buildActionMask = 2147483647;
			files = (
				F4992011E0D3F534ED2BB4E3 /* Cocoa.framework in Frameworks */,
				7789B22AD1C1079DACFF5CE0 /* KoruDomain in Frameworks */,
				10AD5FA8EEC79841627F6633 /* KoruPlatform in Frameworks */,
				1498E6C80173B291CBFA4A4B /* KoruUI in Frameworks */,
			);
			runOnlyForDeploymentPostprocessing = 0;
		};
/* End PBXFrameworksBuildPhase section */

/* Begin PBXGroup section */
		13FA64D2763BCF9F416E0DB2 /* Products */ = {
			isa = PBXGroup;
			children = (
				B7265E6FA100A5400AD15854 /* Koru.app */,
				8CAE2120F2FD4E3E2AD530C2 /* KoruIntegrationHarness.app */,
			);
			name = Products;
			sourceTree = "<group>";
		};
		6405003B0FA3E23651429693 /* OS X */ = {
			isa = PBXGroup;
			children = (
				492DF9B80C7A280F5EA2A7D1 /* Cocoa.framework */,
			);
			name = "OS X";
			sourceTree = "<group>";
		};
		8E6E7183BA1412104A3477E7 /* Koru */ = {
			isa = PBXGroup;
			children = (
				3FD22FC74EF1458E7CA76076 /* main.swift */,
			);
			name = Koru;
			sourceTree = "<group>";
		};
		8E8F255FE45BBEE265020269 /* Frameworks */ = {
			isa = PBXGroup;
			children = (
				6405003B0FA3E23651429693 /* OS X */,
			);
			name = Frameworks;
			sourceTree = "<group>";
		};
		F223A2869201B11481BFD14B = {
			isa = PBXGroup;
			children = (
				13FA64D2763BCF9F416E0DB2 /* Products */,
				8E8F255FE45BBEE265020269 /* Frameworks */,
				8E6E7183BA1412104A3477E7 /* Koru */,
				F747627352A8B74A230859CB /* KoruIntegrationHarness */,
			);
			sourceTree = "<group>";
		};
		F747627352A8B74A230859CB /* KoruIntegrationHarness */ = {
			isa = PBXGroup;
			children = (
				DFEAC346734103ACC9C3717A /* main.swift */,
			);
			name = KoruIntegrationHarness;
			sourceTree = "<group>";
		};
/* End PBXGroup section */

/* Begin PBXNativeTarget section */
		0FE4068CA83C30AD54911579 /* Koru */ = {
			isa = PBXNativeTarget;
			buildConfigurationList = FA799A3198F0A355DE3C0AD1 /* Build configuration list for PBXNativeTarget "Koru" */;
			buildPhases = (
				238F2FBF01E9C5CFD65B987F /* Sources */,
				62B989C31E30E39C86541273 /* Frameworks */,
				E8D98C0969FCBBEA427F2DDB /* Resources */,
			);
			buildRules = (
			);
			dependencies = (
			);
			name = Koru;
			packageProductDependencies = (
				45C936D56B7182A0FE560FE4 /* KoruDomain */,
				EC92EB6E0B85D280DA020CF5 /* KoruPlatform */,
				4C3CFBCE34BA2B5A0749FFB0 /* KoruUI */,
			);
			productName = Koru;
			productReference = B7265E6FA100A5400AD15854 /* Koru.app */;
			productType = "com.apple.product-type.application";
		};
		E144A7B896BD98AFD29CBA76 /* KoruIntegrationHarness */ = {
			isa = PBXNativeTarget;
			buildConfigurationList = A4DB891AFE2F34468A22BE6B /* Build configuration list for PBXNativeTarget "KoruIntegrationHarness" */;
			buildPhases = (
				F34C593F8EB996AC0559A1D3 /* Sources */,
				0B040DDD6815733759A2F1DC /* Frameworks */,
				20B95100DB5318FE833336ED /* Resources */,
			);
			buildRules = (
			);
			dependencies = (
			);
			name = KoruIntegrationHarness;
			packageProductDependencies = (
				79E28CFA9CC682F65D9FA0A9 /* KoruDomain */,
				37BDFB89A3AF6FDD85420904 /* KoruPlatform */,
				79E2AF6E8E745AC8AA376578 /* KoruUI */,
			);
			productName = KoruIntegrationHarness;
			productReference = 8CAE2120F2FD4E3E2AD530C2 /* KoruIntegrationHarness.app */;
			productType = "com.apple.product-type.application";
		};
/* End PBXNativeTarget section */

/* Begin PBXProject section */
		0E87579D20FE5489B350B8B9 /* Project object */ = {
			isa = PBXProject;
			attributes = {
				BuildIndependentTargetsInParallel = YES;
				LastSwiftUpdateCheck = 2660;
				LastUpgradeCheck = 2660;
			};
			buildConfigurationList = 1C56E52674E81C27EFAAEEC3 /* Build configuration list for PBXProject "Koru" */;
			compatibilityVersion = "Xcode 3.2";
			developmentRegion = en;
			hasScannedForEncodings = 0;
			knownRegions = (
				en,
				Base,
			);
			mainGroup = F223A2869201B11481BFD14B;
			minimizedProjectReferenceProxies = 0;
			packageReferences = (
				7B29C174DA121A4032F7C861 /* XCLocalSwiftPackageReference "." */,
			);
			preferredProjectObjectVersion = 77;
			productRefGroup = 13FA64D2763BCF9F416E0DB2 /* Products */;
			projectDirPath = "";
			projectRoot = "";
			targets = (
				0FE4068CA83C30AD54911579 /* Koru */,
				E144A7B896BD98AFD29CBA76 /* KoruIntegrationHarness */,
			);
		};
/* End PBXProject section */

/* Begin PBXResourcesBuildPhase section */
		20B95100DB5318FE833336ED /* Resources */ = {
			isa = PBXResourcesBuildPhase;
			buildActionMask = 2147483647;
			files = (
			);
			runOnlyForDeploymentPostprocessing = 0;
		};
		E8D98C0969FCBBEA427F2DDB /* Resources */ = {
			isa = PBXResourcesBuildPhase;
			buildActionMask = 2147483647;
			files = (
			);
			runOnlyForDeploymentPostprocessing = 0;
		};
/* End PBXResourcesBuildPhase section */

/* Begin PBXSourcesBuildPhase section */
		238F2FBF01E9C5CFD65B987F /* Sources */ = {
			isa = PBXSourcesBuildPhase;
			buildActionMask = 2147483647;
			files = (
				97096350246A99E8FC326A20 /* main.swift in Sources */,
			);
			runOnlyForDeploymentPostprocessing = 0;
		};
		F34C593F8EB996AC0559A1D3 /* Sources */ = {
			isa = PBXSourcesBuildPhase;
			buildActionMask = 2147483647;
			files = (
				D70C3CBE2B48D3B94031BB7E /* main.swift in Sources */,
			);
			runOnlyForDeploymentPostprocessing = 0;
		};
/* End PBXSourcesBuildPhase section */

/* Begin XCBuildConfiguration section */
		2E3177A808A66DB2E74C7B7E /* Debug */ = {
			isa = XCBuildConfiguration;
			buildSettings = {
				ARCHS = (
					arm64,
					x86_64,
				);
				ASSETCATALOG_COMPILER_APPICON_NAME = AppIcon;
				ASSETCATALOG_COMPILER_GLOBAL_ACCENT_COLOR_NAME = AccentColor;
				CODE_SIGNING_ALLOWED = NO;
				COMBINE_HIDPI_IMAGES = YES;
				INFOPLIST_FILE = "Config/Koru-Info.plist";
				LD_RUNPATH_SEARCH_PATHS = "$(inherited) @executable_path/../Frameworks";
				MACOSX_DEPLOYMENT_TARGET = 13.0;
				ONLY_ACTIVE_ARCH = NO;
				PRODUCT_BUNDLE_IDENTIFIER = dev.builderking.koru;
				SDKROOT = macosx;
				SWIFT_STRICT_CONCURRENCY = complete;
				SWIFT_VERSION = 6.0;
			};
			name = Debug;
		};
		3178B7590D451FABD0E34661 /* Release */ = {
			isa = XCBuildConfiguration;
			buildSettings = {
				ARCHS = (
					arm64,
					x86_64,
				);
				ASSETCATALOG_COMPILER_APPICON_NAME = AppIcon;
				ASSETCATALOG_COMPILER_GLOBAL_ACCENT_COLOR_NAME = AccentColor;
				CODE_SIGNING_ALLOWED = NO;
				COMBINE_HIDPI_IMAGES = YES;
				INFOPLIST_FILE = "Config/Koru-Info.plist";
				LD_RUNPATH_SEARCH_PATHS = "$(inherited) @executable_path/../Frameworks";
				MACOSX_DEPLOYMENT_TARGET = 13.0;
				ONLY_ACTIVE_ARCH = NO;
				PRODUCT_BUNDLE_IDENTIFIER = dev.builderking.koru;
				SDKROOT = macosx;
				SWIFT_STRICT_CONCURRENCY = complete;
				SWIFT_VERSION = 6.0;
			};
			name = Release;
		};
		7E0B9D9CCED149AA0C4A8449 /* Release */ = {
			isa = XCBuildConfiguration;
			buildSettings = {
				ARCHS = (
					arm64,
					x86_64,
				);
				ASSETCATALOG_COMPILER_APPICON_NAME = AppIcon;
				ASSETCATALOG_COMPILER_GLOBAL_ACCENT_COLOR_NAME = AccentColor;
				CODE_SIGNING_ALLOWED = NO;
				COMBINE_HIDPI_IMAGES = YES;
				INFOPLIST_FILE = "Config/Harness-Info.plist";
				LD_RUNPATH_SEARCH_PATHS = "$(inherited) @executable_path/../Frameworks";
				MACOSX_DEPLOYMENT_TARGET = 13.0;
				ONLY_ACTIVE_ARCH = NO;
				PRODUCT_BUNDLE_IDENTIFIER = dev.builderking.koru.harness;
				SDKROOT = macosx;
				SWIFT_STRICT_CONCURRENCY = complete;
				SWIFT_VERSION = 6.0;
			};
			name = Release;
		};
		BAA319EDC28B77A0007B9D43 /* Debug */ = {
			isa = XCBuildConfiguration;
			buildSettings = {
				ARCHS = (
					arm64,
					x86_64,
				);
				ASSETCATALOG_COMPILER_APPICON_NAME = AppIcon;
				ASSETCATALOG_COMPILER_GLOBAL_ACCENT_COLOR_NAME = AccentColor;
				CODE_SIGNING_ALLOWED = NO;
				COMBINE_HIDPI_IMAGES = YES;
				INFOPLIST_FILE = "Config/Harness-Info.plist";
				LD_RUNPATH_SEARCH_PATHS = "$(inherited) @executable_path/../Frameworks";
				MACOSX_DEPLOYMENT_TARGET = 13.0;
				ONLY_ACTIVE_ARCH = NO;
				PRODUCT_BUNDLE_IDENTIFIER = dev.builderking.koru.harness;
				SDKROOT = macosx;
				SWIFT_STRICT_CONCURRENCY = complete;
				SWIFT_VERSION = 6.0;
			};
			name = Debug;
		};
		D4A12324080F81424632E633 /* Release */ = {
			isa = XCBuildConfiguration;
			buildSettings = {
				ALWAYS_SEARCH_USER_PATHS = NO;
				CLANG_ANALYZER_NONNULL = YES;
				CLANG_ANALYZER_NUMBER_OBJECT_CONVERSION = YES_AGGRESSIVE;
				CLANG_CXX_LANGUAGE_STANDARD = "gnu++14";
				CLANG_CXX_LIBRARY = "libc++";
				CLANG_ENABLE_MODULES = YES;
				CLANG_ENABLE_OBJC_ARC = YES;
				CLANG_ENABLE_OBJC_WEAK = YES;
				CLANG_WARN_BLOCK_CAPTURE_AUTORELEASING = YES;
				CLANG_WARN_BOOL_CONVERSION = YES;
				CLANG_WARN_COMMA = YES;
				CLANG_WARN_CONSTANT_CONVERSION = YES;
				CLANG_WARN_DEPRECATED_OBJC_IMPLEMENTATIONS = YES;
				CLANG_WARN_DIRECT_OBJC_ISA_USAGE = YES_ERROR;
				CLANG_WARN_DOCUMENTATION_COMMENTS = YES;
				CLANG_WARN_EMPTY_BODY = YES;
				CLANG_WARN_ENUM_CONVERSION = YES;
				CLANG_WARN_INFINITE_RECURSION = YES;
				CLANG_WARN_INT_CONVERSION = YES;
				CLANG_WARN_NON_LITERAL_NULL_CONVERSION = YES;
				CLANG_WARN_OBJC_IMPLICIT_RETAIN_SELF = YES;
				CLANG_WARN_OBJC_LITERAL_CONVERSION = YES;
				CLANG_WARN_OBJC_ROOT_CLASS = YES_ERROR;
				CLANG_WARN_QUOTED_INCLUDE_IN_FRAMEWORK_HEADER = YES;
				CLANG_WARN_RANGE_LOOP_ANALYSIS = YES;
				CLANG_WARN_STRICT_PROTOTYPES = YES;
				CLANG_WARN_SUSPICIOUS_MOVE = YES;
				CLANG_WARN_UNGUARDED_AVAILABILITY = YES_AGGRESSIVE;
				CLANG_WARN_UNREACHABLE_CODE = YES;
				CLANG_WARN__DUPLICATE_METHOD_MATCH = YES;
				COPY_PHASE_STRIP = NO;
				DEBUG_INFORMATION_FORMAT = "dwarf-with-dsym";
				ENABLE_NS_ASSERTIONS = NO;
				ENABLE_STRICT_OBJC_MSGSEND = YES;
				GCC_C_LANGUAGE_STANDARD = gnu11;
				GCC_NO_COMMON_BLOCKS = YES;
				GCC_WARN_64_TO_32_BIT_CONVERSION = YES;
				GCC_WARN_ABOUT_RETURN_TYPE = YES_ERROR;
				GCC_WARN_UNDECLARED_SELECTOR = YES;
				GCC_WARN_UNINITIALIZED_AUTOS = YES_AGGRESSIVE;
				GCC_WARN_UNUSED_FUNCTION = YES;
				GCC_WARN_UNUSED_VARIABLE = YES;
				MTL_ENABLE_DEBUG_INFO = NO;
				MTL_FAST_MATH = YES;
				PRODUCT_NAME = "$(TARGET_NAME)";
				SWIFT_COMPILATION_MODE = wholemodule;
				SWIFT_OPTIMIZATION_LEVEL = "-O";
				SWIFT_VERSION = 5.0;
			};
			name = Release;
		};
		F6263C91D71CFC25B90C53F9 /* Debug */ = {
			isa = XCBuildConfiguration;
			buildSettings = {
				ALWAYS_SEARCH_USER_PATHS = NO;
				CLANG_ANALYZER_NONNULL = YES;
				CLANG_ANALYZER_NUMBER_OBJECT_CONVERSION = YES_AGGRESSIVE;
				CLANG_CXX_LANGUAGE_STANDARD = "gnu++14";
				CLANG_CXX_LIBRARY = "libc++";
				CLANG_ENABLE_MODULES = YES;
				CLANG_ENABLE_OBJC_ARC = YES;
				CLANG_ENABLE_OBJC_WEAK = YES;
				CLANG_WARN_BLOCK_CAPTURE_AUTORELEASING = YES;
				CLANG_WARN_BOOL_CONVERSION = YES;
				CLANG_WARN_COMMA = YES;
				CLANG_WARN_CONSTANT_CONVERSION = YES;
				CLANG_WARN_DEPRECATED_OBJC_IMPLEMENTATIONS = YES;
				CLANG_WARN_DIRECT_OBJC_ISA_USAGE = YES_ERROR;
				CLANG_WARN_DOCUMENTATION_COMMENTS = YES;
				CLANG_WARN_EMPTY_BODY = YES;
				CLANG_WARN_ENUM_CONVERSION = YES;
				CLANG_WARN_INFINITE_RECURSION = YES;
				CLANG_WARN_INT_CONVERSION = YES;
				CLANG_WARN_NON_LITERAL_NULL_CONVERSION = YES;
				CLANG_WARN_OBJC_IMPLICIT_RETAIN_SELF = YES;
				CLANG_WARN_OBJC_LITERAL_CONVERSION = YES;
				CLANG_WARN_OBJC_ROOT_CLASS = YES_ERROR;
				CLANG_WARN_QUOTED_INCLUDE_IN_FRAMEWORK_HEADER = YES;
				CLANG_WARN_RANGE_LOOP_ANALYSIS = YES;
				CLANG_WARN_STRICT_PROTOTYPES = YES;
				CLANG_WARN_SUSPICIOUS_MOVE = YES;
				CLANG_WARN_UNGUARDED_AVAILABILITY = YES_AGGRESSIVE;
				CLANG_WARN_UNREACHABLE_CODE = YES;
				CLANG_WARN__DUPLICATE_METHOD_MATCH = YES;
				COPY_PHASE_STRIP = NO;
				DEBUG_INFORMATION_FORMAT = dwarf;
				ENABLE_STRICT_OBJC_MSGSEND = YES;
				ENABLE_TESTABILITY = YES;
				GCC_C_LANGUAGE_STANDARD = gnu11;
				GCC_DYNAMIC_NO_PIC = NO;
				GCC_NO_COMMON_BLOCKS = YES;
				GCC_OPTIMIZATION_LEVEL = 0;
				GCC_PREPROCESSOR_DEFINITIONS = (
					"DEBUG=1",
					"$(inherited)",
				);
				GCC_WARN_64_TO_32_BIT_CONVERSION = YES;
				GCC_WARN_ABOUT_RETURN_TYPE = YES_ERROR;
				GCC_WARN_UNDECLARED_SELECTOR = YES;
				GCC_WARN_UNINITIALIZED_AUTOS = YES_AGGRESSIVE;
				GCC_WARN_UNUSED_FUNCTION = YES;
				GCC_WARN_UNUSED_VARIABLE = YES;
				MTL_ENABLE_DEBUG_INFO = INCLUDE_SOURCE;
				MTL_FAST_MATH = YES;
				ONLY_ACTIVE_ARCH = YES;
				PRODUCT_NAME = "$(TARGET_NAME)";
				SWIFT_ACTIVE_COMPILATION_CONDITIONS = DEBUG;
				SWIFT_OPTIMIZATION_LEVEL = "-Onone";
				SWIFT_VERSION = 5.0;
			};
			name = Debug;
		};
/* End XCBuildConfiguration section */

/* Begin XCConfigurationList section */
		1C56E52674E81C27EFAAEEC3 /* Build configuration list for PBXProject "Koru" */ = {
			isa = XCConfigurationList;
			buildConfigurations = (
				F6263C91D71CFC25B90C53F9 /* Debug */,
				D4A12324080F81424632E633 /* Release */,
			);
			defaultConfigurationIsVisible = 0;
			defaultConfigurationName = Release;
		};
		A4DB891AFE2F34468A22BE6B /* Build configuration list for PBXNativeTarget "KoruIntegrationHarness" */ = {
			isa = XCConfigurationList;
			buildConfigurations = (
				7E0B9D9CCED149AA0C4A8449 /* Release */,
				BAA319EDC28B77A0007B9D43 /* Debug */,
			);
			defaultConfigurationIsVisible = 0;
			defaultConfigurationName = Release;
		};
		FA799A3198F0A355DE3C0AD1 /* Build configuration list for PBXNativeTarget "Koru" */ = {
			isa = XCConfigurationList;
			buildConfigurations = (
				3178B7590D451FABD0E34661 /* Release */,
				2E3177A808A66DB2E74C7B7E /* Debug */,
			);
			defaultConfigurationIsVisible = 0;
			defaultConfigurationName = Release;
		};
/* End XCConfigurationList section */

/* Begin XCLocalSwiftPackageReference section */
		7B29C174DA121A4032F7C861 /* XCLocalSwiftPackageReference "." */ = {
			isa = XCLocalSwiftPackageReference;
			relativePath = .;
		};
/* End XCLocalSwiftPackageReference section */

/* Begin XCSwiftPackageProductDependency section */
		37BDFB89A3AF6FDD85420904 /* KoruPlatform */ = {
			isa = XCSwiftPackageProductDependency;
			package = 7B29C174DA121A4032F7C861 /* XCLocalSwiftPackageReference "." */;
			productName = KoruPlatform;
		};
		45C936D56B7182A0FE560FE4 /* KoruDomain */ = {
			isa = XCSwiftPackageProductDependency;
			package = 7B29C174DA121A4032F7C861 /* XCLocalSwiftPackageReference "." */;
			productName = KoruDomain;
		};
		4C3CFBCE34BA2B5A0749FFB0 /* KoruUI */ = {
			isa = XCSwiftPackageProductDependency;
			package = 7B29C174DA121A4032F7C861 /* XCLocalSwiftPackageReference "." */;
			productName = KoruUI;
		};
		79E28CFA9CC682F65D9FA0A9 /* KoruDomain */ = {
			isa = XCSwiftPackageProductDependency;
			package = 7B29C174DA121A4032F7C861 /* XCLocalSwiftPackageReference "." */;
			productName = KoruDomain;
		};
		79E2AF6E8E745AC8AA376578 /* KoruUI */ = {
			isa = XCSwiftPackageProductDependency;
			package = 7B29C174DA121A4032F7C861 /* XCLocalSwiftPackageReference "." */;
			productName = KoruUI;
		};
		EC92EB6E0B85D280DA020CF5 /* KoruPlatform */ = {
			isa = XCSwiftPackageProductDependency;
			package = 7B29C174DA121A4032F7C861 /* XCLocalSwiftPackageReference "." */;
			productName = KoruPlatform;
		};
/* End XCSwiftPackageProductDependency section */
	};
	rootObject = 0E87579D20FE5489B350B8B9 /* Project object */;
}
